// !$*UTF8*$!
{
	archiveVersion = 1;
	classes = {
	};
	objectVersion = 48;
	objects = {

/* Begin PBXBuildFile section */
		52F1BDF94D8C71972A412170 /* libPods-RealmLearn.a in Frameworks */ = {isa = PBXBuildFile; fileRef = 5C8DC82AC1E3D7A745D3320E /* libPods-RealmLearn.a */; };
		B64817AB1FB598B200316824 /* AppDelegate.m in Sources */ = {isa = PBXBuildFile; fileRef = B64817AA1FB598B200316824 /* AppDelegate.m */; };
		B64817AE1FB598B200316824 /* ViewController.m in Sources */ = {isa = PBXBuildFile; fileRef = B64817AD1FB598B200316824 /* ViewController.m */; };
		B64817B11FB598B200316824 /* Main.storyboard in Resources */ = {isa = PBXBuildFile; fileRef = B64817AF1FB598B200316824 /* Main.storyboard */; };
		B64817B31FB598B200316824 /* Assets.xcassets in Resources */ = {isa = PBXBuildFile; fileRef = B64817B21FB598B200316824 /* Assets.xcassets */; };
		B64817B61FB598B200316824 /* LaunchScreen.storyboard in Resources */ = {isa = PBXBuildFile; fileRef = B64817B41FB598B200316824 /* LaunchScreen.storyboard */; };
		B64817B91FB598B200316824 /* main.m in Sources */ = {isa = PBXBuildFile; fileRef = B64817B81FB598B200316824 /* main.m */; };
/* End PBXBuildFile section */

/* Begin PBXFileReference section */
		4CF7A49E5C86151E4307D238 /* Pods-RealmLearn.release.xcconfig */ = {isa = PBXFileReference; includeInIndex = 1; lastKnownFileType = text.xcconfig; name = "Pods-RealmLearn.release.xcconfig"; path = "Pods/Target Support Files/Pods-RealmLearn/Pods-RealmLearn.release.xcconfig"; sourceTree = "<group>"; };
		5A09DAED29B137CF3A66B413 /* Pods-RealmLearn.debug.xcconfig */ = {isa = PBXFileReference; includeInIndex = 1; lastKnownFileType = text.xcconfig; name = "Pods-RealmLearn.debug.xcconfig"; path = "Pods/Target Support Files/Pods-RealmLearn/Pods-RealmLearn.debug.xcconfig"; sourceTree = "<group>"; };
		5C8DC82AC1E3D7A745D3320E /* libPods-RealmLearn.a */ = {isa = PBXFileReference; explicitFileType = archive.ar; includeInIndex = 0; path = "libPods-RealmLearn.a"; sourceTree = BUILT_PRODUCTS_DIR; };
		B64817A61FB598B200316824 /* RealmLearn.app */ = {isa = PBXFileReference; explicitFileType = wrapper.application; includeInIndex = 0; path = RealmLearn.app; sourceTree = BUILT_PRODUCTS_DIR; };
		B64817A91FB598B200316824 /* AppDelegate.h */ = {isa = PBXFileReference; lastKnownFileType = sourcecode.c.h; path = AppDelegate.h; sourceTree = "<group>"; };
		B64817AA1FB598B200316824 /* AppDelegate.m */ = {isa = PBXFileReference; lastKnownFileType = sourcecode.c.objc; path = AppDelegate.m; sourceTree = "<group>"; };
		B64817AC1FB598B200316824 /* ViewController.h */ = {isa = PBXFileReference; lastKnownFileType = sourcecode.c.h; path = ViewController.h; sourceTree = "<group>"; };
		B64817AD1FB598B200316824 /* ViewController.m */ = {isa = PBXFileReference; lastKnownFileType = sourcecode.c.objc; path = ViewController.m; sourceTree = "<group>"; };
		B64817B01FB598B200316824 /* Base */ = {isa = PBXFileReference; lastKnownFileType = file.storyboard; name = Base; path = Base.lproj/Main.storyboard; sourceTree = "<group>"; };
		B64817B21FB598B200316824 /* Assets.xcassets */ = {isa = PBXFileReference; lastKnownFileType = folder.assetcatalog; path = Assets.xcassets; sourceTree = "<group>"; };
		B64817B51FB598B200316824 /* Base */ = {isa = PBXFileReference; lastKnownFileType = file.storyboard; name = Base; path = Base.lproj/LaunchScreen.storyboard; sourceTree = "<group>"; };
		B64817B71FB598B200316824 /* Info.plist */ = {isa = PBXFileReference; lastKnownFileType = text.plist.xml; path = Info.plist; sourceTree = "<group>"; };
		B64817B81FB598B200316824 /* main.m */ = {isa = PBXFileReference; lastKnownFileType = sourcecode.c.objc; path = main.m; sourceTree = "<group>"; };
/* End PBXFileReference section */

/* Begin PBXFrameworksBuildPhase section */
		B64817A31FB598B200316824 /* Frameworks */ = {
			isa = PBXFrameworksBuildPhase;
			buildActionMask = 2147483647;
			files = (
				52F1BDF94D8C71972A412170 /* libPods-RealmLearn.a in Frameworks */,
			);
			runOnlyForDeploymentPostprocessing = 0;
		};
/* End PBXFrameworksBuildPhase section */

/* Begin PBXGroup section */
		84EA8D99965F51153A70DABB /* Pods */ = {
			isa = PBXGroup;
			children = (
				5A09DAED29B137CF3A66B413 /* Pods-RealmLearn.debug.xcconfig */,
				4CF7A49E5C86151E4307D238 /* Pods-RealmLearn.release.xcconfig */,
			);
			name = Pods;
			sourceTree = "<group>";
		};
		8F09F528B437E64EA0D3CE72 /* Frameworks */ = {
			isa = PBXGroup;
			children = (
				5C8DC82AC1E3D7A745D3320E /* libPods-RealmLearn.a */,
			);
			name = Frameworks;
			sourceTree = "<group>";
		};
		B648179D1FB598B200316824 = {
			isa = PBXGroup;
			children = (
				B64817A81FB598B200316824 /* RealmLearn */,
				B64817A71FB598B200316824 /* Products */,
				84EA8D99965F51153A70DABB /* Pods */,
				8F09F528B437E64EA0D3CE72 /* Frameworks */,
			);
			sourceTree = "<group>";
		};
		B64817A71FB598B200316824 /* Products */ = {
			isa = PBXGroup;
			children = (
				B64817A61FB598B200316824 /* RealmLearn.app */,
			);
			name = Products;
			sourceTree = "<group>";
		};
		B64817A81FB598B200316824 /* RealmLearn */ = {
			isa = PBXGroup;
			children = (
				B64817A91FB598B200316824 /* AppDelegate.h */,
				B64817AA1FB598B200316824 /* AppDelegate.m */,
				B64817AC1FB598B200316824 /* ViewController.h */,
				B64817AD1FB598B200316824 /* ViewController.m */,
				B64817AF1FB598B200316824 /* Main.storyboard */,
				B64817B21FB598B200316824 /* Assets.xcassets */,
				B64817B41FB598B200316824 /* LaunchScreen.storyboard */,
				B64817B71FB598B200316824 /* Info.plist */,
				B64817B81FB598B200316824 /* main.m */,
			);
			path = RealmLearn;
			sourceTree = "<group>";
		};
/* End PBXGroup section */

/* Begin PBXNativeTarget section */
		B64817A51FB598B200316824 /* RealmLearn */ = {
			isa = PBXNativeTarget;
			buildConfigurationList = B64817BC1FB598B200316824 /* Build configuration list for PBXNativeTarget "RealmLearn" */;
			buildPhases = (
				412DA92774015A7066BBB755 /* [CP] Check Pods Manifest.lock */,
				B64817A21FB598B200316824 /* Sources */,
				B64817A31FB598B200316824 /* Frameworks */,
				B64817A41FB598B200316824 /* Resources */,
				14D6046C11744EA39E75361F /* [CP] Embed Pods Frameworks */,
				985FBBD09C3EB9CF318C4457 /* [CP] Copy Pods Resources */,
			);
			buildRules = (
			);
			dependencies = (
			);
			name = RealmLearn;
			productName = RealmLearn;
			productReference = B64817A61FB598B200316824 /* RealmLearn.app */;
			productType = "com.apple.product-type.application";
		};
/* End PBXNativeTarget section */

/* Begin PBXProject section */
		B648179E1FB598B200316824 /* Project object */ = {
			isa = PBXProject;
			attributes = {
				LastUpgradeCheck = 0910;
				ORGANIZATIONNAME = LiYang;
				TargetAttributes = {
					B64817A51FB598B200316824 = {
						CreatedOnToolsVersion = 9.1;
						ProvisioningStyle = Automatic;
					};
				};
			};
			buildConfigurationList = B64817A11FB598B200316824 /* Build configuration list for PBXProject "RealmLearn" */;
			compatibilityVersion = "Xcode 8.0";
			developmentRegion = en;
			hasScannedForEncodings = 0;
			knownRegions = (
				en,
				Base,
			);
			mainGroup = B648179D1FB598B200316824;
			productRefGroup = B64817A71FB598B200316824 /* Products */;
			projectDirPath = "";
			projectRoot = "";
			targets = (
				B64817A51FB598B200316824 /* RealmLearn */,
			);
		};
/* End PBXProject section */

/* Begin PBXResourcesBuildPhase section */
		B64817A41FB598B200316824 /* Resources */ = {
			isa = PBXResourcesBuildPhase;
			buildActionMask = 2147483647;
			files = (
				B64817B61FB598B200316824 /* LaunchScreen.storyboard in Resources */,
				B64817B31FB598B200316824 /* Assets.xcassets in Resources */,
				B64817B11FB598B200316824 /* Main.storyboard in Resources */,
			);
			runOnlyForDeploymentPostprocessing = 0;
		};
/* End PBXResourcesBuildPhase section */

/* Begin PBXShellScriptBuildPhase section */
		14D6046C11744EA39E75361F /* [CP] Embed Pods Frameworks */ = {
			isa = PBXShellScriptBuildPhase;
			buildActionMask = 2147483647;
			files = (
			);
			inputPaths = (
			);
			name = "[CP] Embed Pods Frameworks";
			outputPaths = (
			);
			runOnlyForDeploymentPostprocessing = 0;
			shellPath = /bin/sh;
			shellScript = "\"${SRCROOT}/Pods/Target Support Files/Pods-RealmLearn/Pods-RealmLearn-frameworks.sh\"\n";
			showEnvVarsInLog = 0;
		};
		412DA92774015A7066BBB755 /* [CP] Check Pods Manifest.lock */ = {
			isa = PBXShellScriptBuildPhase;
			buildActionMask = 2147483647;
			files = (
			);
			inputPaths = (
			);
			name = "[CP] Check Pods Manifest.lock";
			outputPaths = (
			);
			runOnlyForDeploymentPostprocessing = 0;
			shellPath = /bin/sh;
			shellScript = "diff \"${PODS_ROOT}/../Podfile.lock\" \"${PODS_ROOT}/Manifest.lock\" > /dev/null\nif [ $? != 0 ] ; then\n    # print error to STDERR\n    echo \"error: The sandbox is not in sync with the Podfile.lock. Run 'pod install' or update your CocoaPods installation.\" >&2\n    exit 1\nfi\n";
			showEnvVarsInLog = 0;
		};
		985FBBD09C3EB9CF318C4457 /* [CP] Copy Pods Resources */ = {
			isa = PBXShellScriptBuildPhase;
			buildActionMask = 2147483647;
			files = (
			);
			inputPaths = (
			);
			name = "[CP] Copy Pods Resources";
			outputPaths = (
			);
			runOnlyForDeploymentPostprocessing = 0;
			shellPath = /bin/sh;
			shellScript = "\"${SRCROOT}/Pods/Target Support Files/Pods-RealmLearn/Pods-RealmLearn-resources.sh\"\n";
			showEnvVarsInLog = 0;
		};
/* End PBXShellScriptBuildPhase section */

/* Begin PBXSourcesBuildPhase section */
		B64817A21FB598B200316824 /* Sources */ = {
			isa = PBXSourcesBuildPhase;
			buildActionMask = 2147483647;
			files = (
				B64817AE1FB598B200316824 /* ViewController.m in Sources */,
				B64817B91FB598B200316824 /* main.m in Sources */,
				B64817AB1FB598B200316824 /* AppDelegate.m in Sources */,
			);
			runOnlyForDeploymentPostprocessing = 0;
		};
/* End PBXSourcesBuildPhase section */

/* Begin PBXVariantGroup section */
		B64817AF1FB598B200316824 /* Main.storyboard */ = {
			isa = PBXVariantGroup;
			children = (
				B64817B01FB598B200316824 /* Base */,
			);
			name = Main.storyboard;
			sourceTree = "<group>";
		};
		B64817B41FB598B200316824 /* LaunchScreen.storyboard */ = {
			isa = PBXVariantGroup;
			children = (
				B64817B51FB598B200316824 /* Base */,
			);
			name = LaunchScreen.storyboard;
			sourceTree = "<group>";
		};
/* End PBXVariantGroup section */

/* Begin XCBuildConfiguration section */
		B64817BA1FB598B200316824 /* Debug */ = {
			isa = XCBuildConfiguration;
			buildSettings = {
				ALWAYS_SEARCH_USER_PATHS = NO;
				CLANG_ANALYZER_NONNULL = YES;
				CLANG_ANALYZER_NUMBER_OBJECT_CONVERSION = YES_AGGRESSIVE;
				CLANG_CXX_LANGUAGE_STANDARD = "gnu++14";
				CLANG_CXX_LIBRARY = "libc++";
				CLANG_ENABLE_MODULES = YES;
				CLANG_ENABLE_OBJC_ARC = YES;
				CLANG_WARN_BLOCK_CAPTURE_AUTORELEASING = YES;
				CLANG_WARN_BOOL_CONVERSION = YES;
				CLANG_WARN_COMMA = YES;
				CLANG_WARN_CONSTANT_CONVERSION = YES;
				CLANG_WARN_DIRECT_OBJC_ISA_USAGE = YES_ERROR;
				CLANG_WARN_DOCUMENTATION_COMMENTS = YES;
				CLANG_WARN_EMPTY_BODY = YES;
				CLANG_WARN_ENUM_CONVERSION = YES;
				CLANG_WARN_INFINITE_RECURSION = YES;
				CLANG_WARN_INT_CONVERSION = YES;
				CLANG_WARN_NON_LITERAL_NULL_CONVERSION = YES;
				CLANG_WARN_OBJC_LITERAL_CONVERSION = YES;
				CLANG_WARN_OBJC_ROOT_CLASS = YES_ERROR;
				CLANG_WARN_RANGE_LOOP_ANALYSIS = YES;
				CLANG_WARN_STRICT_PROTOTYPES = YES;
				CLANG_WARN_SUSPICIOUS_MOVE = YES;
				CLANG_WARN_UNGUARDED_AVAILABILITY = YES_AGGRESSIVE;
				CLANG_WARN_UNREACHABLE_CODE = YES;
				CLANG_WARN__DUPLICATE_METHOD_MATCH = YES;
				CODE_SIGN_IDENTITY = "iPhone Developer";
				COPY_PHASE_STRIP = NO;
				DEBUG_INFORMATION_FORMAT = dwarf;
				ENABLE_STRICT_OBJC_MSGSEND = YES;
				ENABLE_TESTABILITY = YES;
				GCC_C_LANGUAGE_STANDARD = gnu11;
				GCC_DYNAMIC_NO_PIC = NO;
				GCC_NO_COMMON_BLOCKS = YES;
				GCC_OPTIMIZATION_LEVEL = 0;
				GCC_PREPROCESSOR_DEFINITIONS = (
					"DEBUG=1",
					"$(inherited)",
				);
				GCC_WARN_64_TO_32_BIT_CONVERSION = YES;
				GCC_WARN_ABOUT_RETURN_TYPE = YES_ERROR;
				GCC_WARN_UNDECLARED_SELECTOR = YES;
				GCC_WARN_UNINITIALIZED_AUTOS = YES_AGGRESSIVE;
				GCC_WARN_UNUSED_FUNCTION = YES;
				GCC_WARN_UNUSED_VARIABLE = YES;
				IPHONEOS_DEPLOYMENT_TARGET = 11.1;
				MTL_ENABLE_DEBUG_INFO = YES;
				ONLY_ACTIVE_ARCH = YES;
				SDKROOT = iphoneos;
			};
			name = Debug;
		};
		B64817BB1FB598B200316824 /* Release */ = {
			isa = XCBuildConfiguration;
			buildSettings = {
				ALWAYS_SEARCH_USER_PATHS = NO;
				CLANG_ANALYZER_NONNULL = YES;
				CLANG_ANALYZER_NUMBER_OBJECT_CONVERSION = YES_AGGRESSIVE;
				CLANG_CXX_LANGUAGE_STANDARD = "gnu++14";
				CLANG_CXX_LIBRARY = "libc++";
				CLANG_ENABLE_MODULES = YES;
				CLANG_ENABLE_OBJC_ARC = YES;
				CLANG_WARN_BLOCK_CAPTURE_AUTORELEASING = YES;
				CLANG_WARN_BOOL_CONVERSION = YES;
				CLANG_WARN_COMMA = YES;
				CLANG_WARN_CONSTANT_CONVERSION = YES;
				CLANG_WARN_DIRECT_OBJC_ISA_USAGE = YES_ERROR;
				CLANG_WARN_DOCUMENTATION_COMMENTS = YES;
				CLANG_WARN_EMPTY_BODY = YES;
				CLANG_WARN_ENUM_CONVERSION = YES;
				CLANG_WARN_INFINITE_RECURSION = YES;
				CLANG_WARN_INT_CONVERSION = YES;
				CLANG_WARN_NON_LITERAL_NULL_CONVERSION = YES;
				CLANG_WARN_OBJC_LITERAL_CONVERSION = YES;
				CLANG_WARN_OBJC_ROOT_CLASS = YES_ERROR;
				CLANG_WARN_RANGE_LOOP_ANALYSIS = YES;
				CLANG_WARN_STRICT_PROTOTYPES = YES;
				CLANG_WARN_SUSPICIOUS_MOVE = YES;
				CLANG_WARN_UNGUARDED_AVAILABILITY = YES_AGGRESSIVE;
				CLANG_WARN_UNREACHABLE_CODE = YES;
				CLANG_WARN__DUPLICATE_METHOD_MATCH = YES;
				CODE_SIGN_IDENTITY = "iPhone Developer";
				COPY_PHASE_STRIP = NO;
				DEBUG_INFORMATION_FORMAT = "dwarf-with-dsym";
				ENABLE_NS_ASSERTIONS = NO;
				ENABLE_STRICT_OBJC_MSGSEND = YES;
				GCC_C_LANGUAGE_STANDARD = gnu11;
				GCC_NO_COMMON_BLOCKS = YES;
				GCC_WARN_64_TO_32_BIT_CONVERSION = YES;
				GCC_WARN_ABOUT_RETURN_TYPE = YES_ERROR;
				GCC_WARN_UNDECLARED_SELECTOR = YES;
				GCC_WARN_UNINITIALIZED_AUTOS = YES_AGGRESSIVE;
				GCC_WARN_UNUSED_FUNCTION = YES;
				GCC_WARN_UNUSED_VARIABLE = YES;
				IPHONEOS_DEPLOYMENT_TARGET = 11.1;
				MTL_ENABLE_DEBUG_INFO = NO;
				SDKROOT = iphoneos;
				VALIDATE_PRODUCT = YES;
			};
			name = Release;
		};
		B64817BD1FB598B200316824 /* Debug */ = {
			isa = XCBuildConfiguration;
			baseConfigurationReference = 5A09DAED29B137CF3A66B413 /* Pods-RealmLearn.debug.xcconfig */;
			buildSettings = {
				ASSETCATALOG_COMPILER_APPICON_NAME = AppIcon;
				CODE_SIGN_STYLE = Automatic;
				DEVELOPMENT_TEAM = 9BQNL96S8U;
				INFOPLIST_FILE = RealmLearn/Info.plist;
				IPHONEOS_DEPLOYMENT_TARGET = 11.0;
				LD_RUNPATH_SEARCH_PATHS = "$(inherited) @executable_path/Frameworks";
				PRODUCT_BUNDLE_IDENTIFIER = com.LiYang.start.Realm;
				PRODUCT_NAME = "$(TARGET_NAME)";
				TARGETED_DEVICE_FAMILY = "1,2";
				USER_HEADER_SEARCH_PATHS = "${SRCROOT}/**";
			};
			name = Debug;
		};
		B64817BE1FB598B200316824 /* Release */ = {
			isa = XCBuildConfiguration;
			baseConfigurationReference = 4CF7A49E5C86151E4307D238 /* Pods-RealmLearn.release.xcconfig */;
			buildSettings = {
				ASSETCATALOG_COMPILER_APPICON_NAME = AppIcon;
				CODE_SIGN_STYLE = Automatic;
				DEVELOPMENT_TEAM = 9BQNL96S8U;
				INFOPLIST_FILE = RealmLearn/Info.plist;
				IPHONEOS_DEPLOYMENT_TARGET = 11.0;
				LD_RUNPATH_SEARCH_PATHS = "$(inherited) @executable_path/Frameworks";
				PRODUCT_BUNDLE_IDENTIFIER = com.LiYang.start.Realm;
				PRODUCT_NAME = "$(TARGET_NAME)";
				TARGETED_DEVICE_FAMILY = "1,2";
				USER_HEADER_SEARCH_PATHS = "${SRCROOT}/**";
			};
			name = Release;
		};
/* End XCBuildConfiguration section */

/* Begin XCConfigurationList section */
		B64817A11FB598B200316824 /* Build configuration list for PBXProject "RealmLearn" */ = {
			isa = XCConfigurationList;
			buildConfigurations = (
				B64817BA1FB598B200316824 /* Debug */,
				B64817BB1FB598B200316824 /* Release */,
			);
			defaultConfigurationIsVisible = 0;
			defaultConfigurationName = Release;
		};
		B64817BC1FB598B200316824 /* Build configuration list for PBXNativeTarget "RealmLearn" */ = {
			isa = XCConfigurationList;
			buildConfigurations = (
				B64817BD1FB598B200316824 /* Debug */,
				B64817BE1FB598B200316824 /* Release */,
			);
			defaultConfigurationIsVisible = 0;
			defaultConfigurationName = Release;
		};
/* End XCConfigurationList section */
	};
	rootObject = B648179E1FB598B200316824 /* Project object */;
}
